
Microsoft Visual Studio Solution File, Format Version 12.00
# Visual Studio Version 17
VisualStudioVersion = 17.11.35312.102
MinimumVisualStudioVersion = 10.0.40219.1
Project("{FAE04EC0-301F-11D3-BF4B-00C04F79EFBC}") = "FirstQnAAPI", "FirstQnAAPI\FirstQnAAPI.csproj", "{29322464-CFAE-4DB2-9921-9BE253012EB5}"
EndProject
Global
	GlobalSection(SolutionConfigurationPlatforms) = preSolution
		Debug|Any CPU = Debug|Any CPU
		Release|Any CPU = Release|Any CPU
	EndGlobalSection
	GlobalSection(ProjectConfigurationPlatforms) = postSolution
		{29322464-CFAE-4DB2-9921-9BE253012EB5}.Debug|Any CPU.ActiveCfg = Debug|Any CPU
		{29322464-CFAE-4DB2-9921-9BE253012EB5}.Debug|Any CPU.Build.0 = Debug|Any CPU
		{29322464-CFAE-4DB2-9921-9BE253012EB5}.Release|Any CPU.ActiveCfg = Release|Any CPU
		{29322464-CFAE-4DB2-9921-9BE253012EB5}.Release|Any CPU.Build.0 = Release|Any CPU
	EndGlobalSection
	GlobalSection(SolutionProperties) = preSolution
		HideSolutionNode = FALSE
	EndGlobalSection
	GlobalSection(ExtensibilityGlobals) = postSolution
		SolutionGuid = {55FA2D4C-8E10-4D1A-AAE9-80EBAB4A884C}
	EndGlobalSection
EndGlobal
